// !$*UTF8*$!
{
	archiveVersion = 1;
	classes = {
	};
	objectVersion = 46;
	objects = {

/* Begin PBXBuildFile section */
		492AB6B918D79FFF001B9559 /* RECommonFunctions.m in Sources */ = {isa = PBXBuildFile; fileRef = 492AB6AE18D79FFF001B9559 /* RECommonFunctions.m */; };
		492AB6BA18D79FFF001B9559 /* REFrostedContainerViewController.m in Sources */ = {isa = PBXBuildFile; fileRef = 492AB6B018D79FFF001B9559 /* REFrostedContainerViewController.m */; };
		492AB6BB18D79FFF001B9559 /* REFrostedViewController.m in Sources */ = {isa = PBXBuildFile; fileRef = 492AB6B218D79FFF001B9559 /* REFrostedViewController.m */; };
		492AB6BC18D79FFF001B9559 /* UIImage+REFrostedViewController.m in Sources */ = {isa = PBXBuildFile; fileRef = 492AB6B418D79FFF001B9559 /* UIImage+REFrostedViewController.m */; };
		492AB6BD18D79FFF001B9559 /* UIView+REFrostedViewController.m in Sources */ = {isa = PBXBuildFile; fileRef = 492AB6B618D79FFF001B9559 /* UIView+REFrostedViewController.m */; };
		492AB6BE18D79FFF001B9559 /* UIViewController+REFrostedViewController.m in Sources */ = {isa = PBXBuildFile; fileRef = 492AB6B818D79FFF001B9559 /* UIViewController+REFrostedViewController.m */; };
		492AB6DB18D7A0F8001B9559 /* DEMOHomeViewController.m in Sources */ = {isa = PBXBuildFile; fileRef = 492AB6C818D7A0F8001B9559 /* DEMOHomeViewController.m */; };
		492AB6DC18D7A0F8001B9559 /* DEMOMenuViewController.m in Sources */ = {isa = PBXBuildFile; fileRef = 492AB6CA18D7A0F8001B9559 /* DEMOMenuViewController.m */; };
		492AB6DD18D7A0F8001B9559 /* DEMONavigationController.m in Sources */ = {isa = PBXBuildFile; fileRef = 492AB6CC18D7A0F8001B9559 /* DEMONavigationController.m */; };
		492AB6DE18D7A0F8001B9559 /* DEMORootViewController.m in Sources */ = {isa = PBXBuildFile; fileRef = 492AB6CE18D7A0F8001B9559 /* DEMORootViewController.m */; };
		492AB6DF18D7A0F8001B9559 /* DEMOSecondViewController.m in Sources */ = {isa = PBXBuildFile; fileRef = 492AB6D018D7A0F8001B9559 /* DEMOSecondViewController.m */; };
		492AB6E518D7B8ED001B9559 /* Images.xcassets in Resources */ = {isa = PBXBuildFile; fileRef = 492AB6E418D7B8ED001B9559 /* Images.xcassets */; };
		492AB72318D7CBD9001B9559 /* CHTCollectionViewWaterfallCell.m in Sources */ = {isa = PBXBuildFile; fileRef = 492AB71E18D7CBD9001B9559 /* CHTCollectionViewWaterfallCell.m */; };
		492AB72418D7CBD9001B9559 /* CHTCollectionViewWaterfallHeader.m in Sources */ = {isa = PBXBuildFile; fileRef = 492AB72018D7CBD9001B9559 /* CHTCollectionViewWaterfallHeader.m */; };
		492AB72518D7CBD9001B9559 /* CHTCollectionViewWaterfallFooter.m in Sources */ = {isa = PBXBuildFile; fileRef = 492AB72218D7CBD9001B9559 /* CHTCollectionViewWaterfallFooter.m */; };
		492AB72818D7CC8B001B9559 /* CHTCollectionViewWaterfallLayout.m in Sources */ = {isa = PBXBuildFile; fileRef = 492AB72718D7CC8B001B9559 /* CHTCollectionViewWaterfallLayout.m */; };
		4934141918EA7656005CB997 /* 0.jpg in Resources */ = {isa = PBXBuildFile; fileRef = 4934141118EA7656005CB997 /* 0.jpg */; };
		4934141A18EA7656005CB997 /* 1.jpg in Resources */ = {isa = PBXBuildFile; fileRef = 4934141218EA7656005CB997 /* 1.jpg */; };
		4934141B18EA7656005CB997 /* 2.jpg in Resources */ = {isa = PBXBuildFile; fileRef = 4934141318EA7656005CB997 /* 2.jpg */; };
		4934141C18EA7656005CB997 /* 3.jpg in Resources */ = {isa = PBXBuildFile; fileRef = 4934141418EA7656005CB997 /* 3.jpg */; };
		4934141D18EA7656005CB997 /* 4.jpg in Resources */ = {isa = PBXBuildFile; fileRef = 4934141518EA7656005CB997 /* 4.jpg */; };
		4934141E18EA7656005CB997 /* 5.jpg in Resources */ = {isa = PBXBuildFile; fileRef = 4934141618EA7656005CB997 /* 5.jpg */; };
		4934141F18EA7656005CB997 /* 6.jpg in Resources */ = {isa = PBXBuildFile; fileRef = 4934141718EA7656005CB997 /* 6.jpg */; };
		4934142018EA7656005CB997 /* 7.jpg in Resources */ = {isa = PBXBuildFile; fileRef = 4934141818EA7656005CB997 /* 7.jpg */; };
		4934142218EA7925005CB997 /* 8.jpg in Resources */ = {isa = PBXBuildFile; fileRef = 4934142118EA7925005CB997 /* 8.jpg */; };
		49360B6418DFA67A00F506B1 /* AVCamPreviewView.m in Sources */ = {isa = PBXBuildFile; fileRef = 49360B6318DFA67A00F506B1 /* AVCamPreviewView.m */; };
		49360B6718DFA82A00F506B1 /* MUCameraViewViewController.m in Sources */ = {isa = PBXBuildFile; fileRef = 49360B6618DFA82A00F506B1 /* MUCameraViewViewController.m */; };
		49FED29818D79129004BE4E0 /* Foundation.framework in Frameworks */ = {isa = PBXBuildFile; fileRef = 49FED29718D79129004BE4E0 /* Foundation.framework */; };
		49FED29A18D79129004BE4E0 /* CoreGraphics.framework in Frameworks */ = {isa = PBXBuildFile; fileRef = 49FED29918D79129004BE4E0 /* CoreGraphics.framework */; };
		49FED29C18D79129004BE4E0 /* UIKit.framework in Frameworks */ = {isa = PBXBuildFile; fileRef = 49FED29B18D79129004BE4E0 /* UIKit.framework */; };
		49FED2A218D79129004BE4E0 /* InfoPlist.strings in Resources */ = {isa = PBXBuildFile; fileRef = 49FED2A018D79129004BE4E0 /* InfoPlist.strings */; };
		49FED2A418D79129004BE4E0 /* main.m in Sources */ = {isa = PBXBuildFile; fileRef = 49FED2A318D79129004BE4E0 /* main.m */; };
		49FED2A818D79129004BE4E0 /* IMAppDelegate.m in Sources */ = {isa = PBXBuildFile; fileRef = 49FED2A718D79129004BE4E0 /* IMAppDelegate.m */; };
		49FED2AB18D79129004BE4E0 /* Main_iPhone.storyboard in Resources */ = {isa = PBXBuildFile; fileRef = 49FED2A918D79129004BE4E0 /* Main_iPhone.storyboard */; };
		49FED2AE18D79129004BE4E0 /* Main_iPad.storyboard in Resources */ = {isa = PBXBuildFile; fileRef = 49FED2AC18D79129004BE4E0 /* Main_iPad.storyboard */; };
		49FED2BA18D79129004BE4E0 /* XCTest.framework in Frameworks */ = {isa = PBXBuildFile; fileRef = 49FED2B918D79129004BE4E0 /* XCTest.framework */; };
		49FED2BB18D79129004BE4E0 /* Foundation.framework in Frameworks */ = {isa = PBXBuildFile; fileRef = 49FED29718D79129004BE4E0 /* Foundation.framework */; };
		49FED2BC18D79129004BE4E0 /* UIKit.framework in Frameworks */ = {isa = PBXBuildFile; fileRef = 49FED29B18D79129004BE4E0 /* UIKit.framework */; };
		49FED2C418D79129004BE4E0 /* InfoPlist.strings in Resources */ = {isa = PBXBuildFile; fileRef = 49FED2C218D79129004BE4E0 /* InfoPlist.strings */; };
		49FED2C618D79129004BE4E0 /* InteractiveMuseumTests.m in Sources */ = {isa = PBXBuildFile; fileRef = 49FED2C518D79129004BE4E0 /* InteractiveMuseumTests.m */; };
		5D252C5218E20BF400195CB4 /* IMDetailViewController.m in Sources */ = {isa = PBXBuildFile; fileRef = 5D252C5118E20BF400195CB4 /* IMDetailViewController.m */; };
/* End PBXBuildFile section */

/* Begin PBXContainerItemProxy section */
		49FED2BD18D79129004BE4E0 /* PBXContainerItemProxy */ = {
			isa = PBXContainerItemProxy;
			containerPortal = 49FED28C18D79129004BE4E0 /* Project object */;
			proxyType = 1;
			remoteGlobalIDString = 49FED29318D79129004BE4E0;
			remoteInfo = InteractiveMuseum;
		};
/* End PBXContainerItemProxy section */

/* Begin PBXFileReference section */
		492AB6AD18D79FFF001B9559 /* RECommonFunctions.h */ = {isa = PBXFileReference; fileEncoding = 4; lastKnownFileType = sourcecode.c.h; path = RECommonFunctions.h; sourceTree = "<group>"; };
		492AB6AE18D79FFF001B9559 /* RECommonFunctions.m */ = {isa = PBXFileReference; fileEncoding = 4; lastKnownFileType = sourcecode.c.objc; path = RECommonFunctions.m; sourceTree = "<group>"; };
		492AB6AF18D79FFF001B9559 /* REFrostedContainerViewController.h */ = {isa = PBXFileReference; fileEncoding = 4; lastKnownFileType = sourcecode.c.h; path = REFrostedContainerViewController.h; sourceTree = "<group>"; };
		492AB6B018D79FFF001B9559 /* REFrostedContainerViewController.m */ = {isa = PBXFileReference; fileEncoding = 4; lastKnownFileType = sourcecode.c.objc; path = REFrostedContainerViewController.m; sourceTree = "<group>"; };
		492AB6B118D79FFF001B9559 /* REFrostedViewController.h */ = {isa = PBXFileReference; fileEncoding = 4; lastKnownFileType = sourcecode.c.h; path = REFrostedViewController.h; sourceTree = "<group>"; };
		492AB6B218D79FFF001B9559 /* REFrostedViewController.m */ = {isa = PBXFileReference; fileEncoding = 4; lastKnownFileType = sourcecode.c.objc; path = REFrostedViewController.m; sourceTree = "<group>"; };
		492AB6B318D79FFF001B9559 /* UIImage+REFrostedViewController.h */ = {isa = PBXFileReference; fileEncoding = 4; lastKnownFileType = sourcecode.c.h; path = "UIImage+REFrostedViewController.h"; sourceTree = "<group>"; };
		492AB6B418D79FFF001B9559 /* UIImage+REFrostedViewController.m */ = {isa = PBXFileReference; fileEncoding = 4; lastKnownFileType = sourcecode.c.objc; path = "UIImage+REFrostedViewController.m"; sourceTree = "<group>"; };
		492AB6B518D79FFF001B9559 /* UIView+REFrostedViewController.h */ = {isa = PBXFileReference; fileEncoding = 4; lastKnownFileType = sourcecode.c.h; path = "UIView+REFrostedViewController.h"; sourceTree = "<group>"; };
		492AB6B618D79FFF001B9559 /* UIView+REFrostedViewController.m */ = {isa = PBXFileReference; fileEncoding = 4; lastKnownFileType = sourcecode.c.objc; path = "UIView+REFrostedViewController.m"; sourceTree = "<group>"; };
		492AB6B718D79FFF001B9559 /* UIViewController+REFrostedViewController.h */ = {isa = PBXFileReference; fileEncoding = 4; lastKnownFileType = sourcecode.c.h; path = "UIViewController+REFrostedViewController.h"; sourceTree = "<group>"; };
		492AB6B818D79FFF001B9559 /* UIViewController+REFrostedViewController.m */ = {isa = PBXFileReference; fileEncoding = 4; lastKnownFileType = sourcecode.c.objc; path = "UIViewController+REFrostedViewController.m"; sourceTree = "<group>"; };
		492AB6C718D7A0F8001B9559 /* DEMOHomeViewController.h */ = {isa = PBXFileReference; fileEncoding = 4; lastKnownFileType = sourcecode.c.h; name = DEMOHomeViewController.h; path = ../REFrostedViewController/REFrostedViewControllerStoryboards/DEMOHomeViewController.h; sourceTree = "<group>"; };
		492AB6C818D7A0F8001B9559 /* DEMOHomeViewController.m */ = {isa = PBXFileReference; fileEncoding = 4; lastKnownFileType = sourcecode.c.objc; name = DEMOHomeViewController.m; path = ../REFrostedViewController/REFrostedViewControllerStoryboards/DEMOHomeViewController.m; sourceTree = "<group>"; };
		492AB6C918D7A0F8001B9559 /* DEMOMenuViewController.h */ = {isa = PBXFileReference; fileEncoding = 4; lastKnownFileType = sourcecode.c.h; name = DEMOMenuViewController.h; path = ../REFrostedViewController/REFrostedViewControllerStoryboards/DEMOMenuViewController.h; sourceTree = "<group>"; };
		492AB6CA18D7A0F8001B9559 /* DEMOMenuViewController.m */ = {isa = PBXFileReference; fileEncoding = 4; lastKnownFileType = sourcecode.c.objc; name = DEMOMenuViewController.m; path = ../REFrostedViewController/REFrostedViewControllerStoryboards/DEMOMenuViewController.m; sourceTree = "<group>"; };
		492AB6CB18D7A0F8001B9559 /* DEMONavigationController.h */ = {isa = PBXFileReference; fileEncoding = 4; lastKnownFileType = sourcecode.c.h; name = DEMONavigationController.h; path = ../REFrostedViewController/REFrostedViewControllerStoryboards/DEMONavigationController.h; sourceTree = "<group>"; };
		492AB6CC18D7A0F8001B9559 /* DEMONavigationController.m */ = {isa = PBXFileReference; fileEncoding = 4; lastKnownFileType = sourcecode.c.objc; name = DEMONavigationController.m; path = ../REFrostedViewController/REFrostedViewControllerStoryboards/DEMONavigationController.m; sourceTree = "<group>"; };
		492AB6CD18D7A0F8001B9559 /* DEMORootViewController.h */ = {isa = PBXFileReference; fileEncoding = 4; lastKnownFileType = sourcecode.c.h; name = DEMORootViewController.h; path = ../REFrostedViewController/REFrostedViewControllerStoryboards/DEMORootViewController.h; sourceTree = "<group>"; };
		492AB6CE18D7A0F8001B9559 /* DEMORootViewController.m */ = {isa = PBXFileReference; fileEncoding = 4; lastKnownFileType = sourcecode.c.objc; name = DEMORootViewController.m; path = ../REFrostedViewController/REFrostedViewControllerStoryboards/DEMORootViewController.m; sourceTree = "<group>"; };
		492AB6CF18D7A0F8001B9559 /* DEMOSecondViewController.h */ = {isa = PBXFileReference; fileEncoding = 4; lastKnownFileType = sourcecode.c.h; name = DEMOSecondViewController.h; path = ../REFrostedViewController/REFrostedViewControllerStoryboards/DEMOSecondViewController.h; sourceTree = "<group>"; };
		492AB6D018D7A0F8001B9559 /* DEMOSecondViewController.m */ = {isa = PBXFileReference; fileEncoding = 4; lastKnownFileType = sourcecode.c.objc; name = DEMOSecondViewController.m; path = ../REFrostedViewController/REFrostedViewControllerStoryboards/DEMOSecondViewController.m; sourceTree = "<group>"; };
		492AB6E418D7B8ED001B9559 /* Images.xcassets */ = {isa = PBXFileReference; lastKnownFileType = folder.assetcatalog; name = Images.xcassets; path = ../REFrostedViewController/REFrostedViewControllerStoryboards/Images.xcassets; sourceTree = "<group>"; };
		492AB71D18D7CBD9001B9559 /* CHTCollectionViewWaterfallCell.h */ = {isa = PBXFileReference; fileEncoding = 4; lastKnownFileType = sourcecode.c.h; path = CHTCollectionViewWaterfallCell.h; sourceTree = "<group>"; };
		492AB71E18D7CBD9001B9559 /* CHTCollectionViewWaterfallCell.m */ = {isa = PBXFileReference; fileEncoding = 4; lastKnownFileType = sourcecode.c.objc; path = CHTCollectionViewWaterfallCell.m; sourceTree = "<group>"; };
		492AB71F18D7CBD9001B9559 /* CHTCollectionViewWaterfallHeader.h */ = {isa = PBXFileReference; fileEncoding = 4; lastKnownFileType = sourcecode.c.h; path = CHTCollectionViewWaterfallHeader.h; sourceTree = "<group>"; };
		492AB72018D7CBD9001B9559 /* CHTCollectionViewWaterfallHeader.m */ = {isa = PBXFileReference; fileEncoding = 4; lastKnownFileType = sourcecode.c.objc; path = CHTCollectionViewWaterfallHeader.m; sourceTree = "<group>"; };
		492AB72118D7CBD9001B9559 /* CHTCollectionViewWaterfallFooter.h */ = {isa = PBXFileReference; fileEncoding = 4; lastKnownFileType = sourcecode.c.h; path = CHTCollectionViewWaterfallFooter.h; sourceTree = "<group>"; };
		492AB72218D7CBD9001B9559 /* CHTCollectionViewWaterfallFooter.m */ = {isa = PBXFileReference; fileEncoding = 4; lastKnownFileType = sourcecode.c.objc; path = CHTCollectionViewWaterfallFooter.m; sourceTree = "<group>"; };
		492AB72618D7CC8B001B9559 /* CHTCollectionViewWaterfallLayout.h */ = {isa = PBXFileReference; fileEncoding = 4; lastKnownFileType = sourcecode.c.h; path = CHTCollectionViewWaterfallLayout.h; sourceTree = "<group>"; };
		492AB72718D7CC8B001B9559 /* CHTCollectionViewWaterfallLayout.m */ = {isa = PBXFileReference; fileEncoding = 4; lastKnownFileType = sourcecode.c.objc; path = CHTCollectionViewWaterfallLayout.m; sourceTree = "<group>"; };
		4934141118EA7656005CB997 /* 0.jpg */ = {isa = PBXFileReference; lastKnownFileType = image.jpeg; path = 0.jpg; sourceTree = "<group>"; };
		4934141218EA7656005CB997 /* 1.jpg */ = {isa = PBXFileReference; lastKnownFileType = image.jpeg; path = 1.jpg; sourceTree = "<group>"; };
		4934141318EA7656005CB997 /* 2.jpg */ = {isa = PBXFileReference; lastKnownFileType = image.jpeg; path = 2.jpg; sourceTree = "<group>"; };
		4934141418EA7656005CB997 /* 3.jpg */ = {isa = PBXFileReference; lastKnownFileType = image.jpeg; path = 3.jpg; sourceTree = "<group>"; };
		4934141518EA7656005CB997 /* 4.jpg */ = {isa = PBXFileReference; lastKnownFileType = image.jpeg; path = 4.jpg; sourceTree = "<group>"; };
		4934141618EA7656005CB997 /* 5.jpg */ = {isa = PBXFileReference; lastKnownFileType = image.jpeg; path = 5.jpg; sourceTree = "<group>"; };
		4934141718EA7656005CB997 /* 6.jpg */ = {isa = PBXFileReference; lastKnownFileType = image.jpeg; path = 6.jpg; sourceTree = "<group>"; };
		4934141818EA7656005CB997 /* 7.jpg */ = {isa = PBXFileReference; lastKnownFileType = image.jpeg; path = 7.jpg; sourceTree = "<group>"; };
		4934142118EA7925005CB997 /* 8.jpg */ = {isa = PBXFileReference; lastKnownFileType = image.jpeg; path = 8.jpg; sourceTree = "<group>"; };
		49360B6218DFA67A00F506B1 /* AVCamPreviewView.h */ = {isa = PBXFileReference; fileEncoding = 4; lastKnownFileType = sourcecode.c.h; name = AVCamPreviewView.h; path = ../REFrostedViewController/REFrostedViewControllerStoryboards/AVCamPreviewView.h; sourceTree = "<group>"; };
		49360B6318DFA67A00F506B1 /* AVCamPreviewView.m */ = {isa = PBXFileReference; fileEncoding = 4; lastKnownFileType = sourcecode.c.objc; name = AVCamPreviewView.m; path = ../REFrostedViewController/REFrostedViewControllerStoryboards/AVCamPreviewView.m; sourceTree = "<group>"; };
		49360B6518DFA82A00F506B1 /* MUCameraViewViewController.h */ = {isa = PBXFileReference; fileEncoding = 4; lastKnownFileType = sourcecode.c.h; name = MUCameraViewViewController.h; path = ../REFrostedViewController/REFrostedViewControllerStoryboards/MUCameraViewViewController.h; sourceTree = "<group>"; };
		49360B6618DFA82A00F506B1 /* MUCameraViewViewController.m */ = {isa = PBXFileReference; fileEncoding = 4; lastKnownFileType = sourcecode.c.objc; name = MUCameraViewViewController.m; path = ../REFrostedViewController/REFrostedViewControllerStoryboards/MUCameraViewViewController.m; sourceTree = "<group>"; };
		49FED29418D79129004BE4E0 /* InteractiveMuseum.app */ = {isa = PBXFileReference; explicitFileType = wrapper.application; includeInIndex = 0; path = InteractiveMuseum.app; sourceTree = BUILT_PRODUCTS_DIR; };
		49FED29718D79129004BE4E0 /* Foundation.framework */ = {isa = PBXFileReference; lastKnownFileType = wrapper.framework; name = Foundation.framework; path = System/Library/Frameworks/Foundation.framework; sourceTree = SDKROOT; };
		49FED29918D79129004BE4E0 /* CoreGraphics.framework */ = {isa = PBXFileReference; lastKnownFileType = wrapper.framework; name = CoreGraphics.framework; path = System/Library/Frameworks/CoreGraphics.framework; sourceTree = SDKROOT; };
		49FED29B18D79129004BE4E0 /* UIKit.framework */ = {isa = PBXFileReference; lastKnownFileType = wrapper.framework; name = UIKit.framework; path = System/Library/Frameworks/UIKit.framework; sourceTree = SDKROOT; };
		49FED29F18D79129004BE4E0 /* InteractiveMuseum-Info.plist */ = {isa = PBXFileReference; lastKnownFileType = text.plist.xml; path = "InteractiveMuseum-Info.plist"; sourceTree = "<group>"; };
		49FED2A118D79129004BE4E0 /* en */ = {isa = PBXFileReference; lastKnownFileType = text.plist.strings; name = en; path = en.lproj/InfoPlist.strings; sourceTree = "<group>"; };
		49FED2A318D79129004BE4E0 /* main.m */ = {isa = PBXFileReference; lastKnownFileType = sourcecode.c.objc; path = main.m; sourceTree = "<group>"; };
		49FED2A518D79129004BE4E0 /* InteractiveMuseum-Prefix.pch */ = {isa = PBXFileReference; lastKnownFileType = sourcecode.c.h; path = "InteractiveMuseum-Prefix.pch"; sourceTree = "<group>"; };
		49FED2A618D79129004BE4E0 /* IMAppDelegate.h */ = {isa = PBXFileReference; lastKnownFileType = sourcecode.c.h; path = IMAppDelegate.h; sourceTree = "<group>"; };
		49FED2A718D79129004BE4E0 /* IMAppDelegate.m */ = {isa = PBXFileReference; lastKnownFileType = sourcecode.c.objc; path = IMAppDelegate.m; sourceTree = "<group>"; };
		49FED2AA18D79129004BE4E0 /* Base */ = {isa = PBXFileReference; lastKnownFileType = file.storyboard; name = Base; path = Base.lproj/Main_iPhone.storyboard; sourceTree = "<group>"; };
		49FED2AD18D79129004BE4E0 /* Base */ = {isa = PBXFileReference; lastKnownFileType = file.storyboard; name = Base; path = Base.lproj/Main_iPad.storyboard; sourceTree = "<group>"; };
		49FED2B818D79129004BE4E0 /* InteractiveMuseumTests.xctest */ = {isa = PBXFileReference; explicitFileType = wrapper.cfbundle; includeInIndex = 0; path = InteractiveMuseumTests.xctest; sourceTree = BUILT_PRODUCTS_DIR; };
		49FED2B918D79129004BE4E0 /* XCTest.framework */ = {isa = PBXFileReference; lastKnownFileType = wrapper.framework; name = XCTest.framework; path = Library/Frameworks/XCTest.framework; sourceTree = DEVELOPER_DIR; };
		49FED2C118D79129004BE4E0 /* InteractiveMuseumTests-Info.plist */ = {isa = PBXFileReference; lastKnownFileType = text.plist.xml; path = "InteractiveMuseumTests-Info.plist"; sourceTree = "<group>"; };
		49FED2C318D79129004BE4E0 /* en */ = {isa = PBXFileReference; lastKnownFileType = text.plist.strings; name = en; path = en.lproj/InfoPlist.strings; sourceTree = "<group>"; };
		49FED2C518D79129004BE4E0 /* InteractiveMuseumTests.m */ = {isa = PBXFileReference; lastKnownFileType = sourcecode.c.objc; path = InteractiveMuseumTests.m; sourceTree = "<group>"; };
		5D252C5018E20BF400195CB4 /* IMDetailViewController.h */ = {isa = PBXFileReference; fileEncoding = 4; lastKnownFileType = sourcecode.c.h; path = IMDetailViewController.h; sourceTree = "<group>"; };
		5D252C5118E20BF400195CB4 /* IMDetailViewController.m */ = {isa = PBXFileReference; fileEncoding = 4; lastKnownFileType = sourcecode.c.objc; path = IMDetailViewController.m; sourceTree = "<group>"; };
/* End PBXFileReference section */

/* Begin PBXFrameworksBuildPhase section */
		49FED29118D79129004BE4E0 /* Frameworks */ = {
			isa = PBXFrameworksBuildPhase;
			buildActionMask = 2147483647;
			files = (
				49FED29A18D79129004BE4E0 /* CoreGraphics.framework in Frameworks */,
				49FED29C18D79129004BE4E0 /* UIKit.framework in Frameworks */,
				49FED29818D79129004BE4E0 /* Foundation.framework in Frameworks */,
			);
			runOnlyForDeploymentPostprocessing = 0;
		};
		49FED2B518D79129004BE4E0 /* Frameworks */ = {
			isa = PBXFrameworksBuildPhase;
			buildActionMask = 2147483647;
			files = (
				49FED2BA18D79129004BE4E0 /* XCTest.framework in Frameworks */,
				49FED2BC18D79129004BE4E0 /* UIKit.framework in Frameworks */,
				49FED2BB18D79129004BE4E0 /* Foundation.framework in Frameworks */,
			);
			runOnlyForDeploymentPostprocessing = 0;
		};
/* End PBXFrameworksBuildPhase section */

/* Begin PBXGroup section */
		492AB6AC18D79FFF001B9559 /* REFrostedViewController */ = {
			isa = PBXGroup;
			children = (
				492AB6AD18D79FFF001B9559 /* RECommonFunctions.h */,
				492AB6AE18D79FFF001B9559 /* RECommonFunctions.m */,
				492AB6AF18D79FFF001B9559 /* REFrostedContainerViewController.h */,
				492AB6B018D79FFF001B9559 /* REFrostedContainerViewController.m */,
				492AB6B118D79FFF001B9559 /* REFrostedViewController.h */,
				492AB6B218D79FFF001B9559 /* REFrostedViewController.m */,
				492AB6B318D79FFF001B9559 /* UIImage+REFrostedViewController.h */,
				492AB6B418D79FFF001B9559 /* UIImage+REFrostedViewController.m */,
				492AB6B518D79FFF001B9559 /* UIView+REFrostedViewController.h */,
				492AB6B618D79FFF001B9559 /* UIView+REFrostedViewController.m */,
				492AB6B718D79FFF001B9559 /* UIViewController+REFrostedViewController.h */,
				492AB6B818D79FFF001B9559 /* UIViewController+REFrostedViewController.m */,
			);
			name = REFrostedViewController;
			path = ../REFrostedViewController;
			sourceTree = "<group>";
		};
		492AB6BF18D7A0F8001B9559 /* REFrostedViewControllerStoryboards */ = {
			isa = PBXGroup;
			children = (
				492AB72618D7CC8B001B9559 /* CHTCollectionViewWaterfallLayout.h */,
				492AB72718D7CC8B001B9559 /* CHTCollectionViewWaterfallLayout.m */,
				492AB71D18D7CBD9001B9559 /* CHTCollectionViewWaterfallCell.h */,
				492AB71E18D7CBD9001B9559 /* CHTCollectionViewWaterfallCell.m */,
				492AB71F18D7CBD9001B9559 /* CHTCollectionViewWaterfallHeader.h */,
				492AB72018D7CBD9001B9559 /* CHTCollectionViewWaterfallHeader.m */,
				492AB72118D7CBD9001B9559 /* CHTCollectionViewWaterfallFooter.h */,
				492AB72218D7CBD9001B9559 /* CHTCollectionViewWaterfallFooter.m */,
			);
			name = REFrostedViewControllerStoryboards;
			path = ../REFrostedViewController/REFrostedViewControllerStoryboards;
			sourceTree = "<group>";
		};
		4934141018EA7656005CB997 /* images */ = {
			isa = PBXGroup;
			children = (
				4934141118EA7656005CB997 /* 0.jpg */,
				4934141218EA7656005CB997 /* 1.jpg */,
				4934141318EA7656005CB997 /* 2.jpg */,
				4934141418EA7656005CB997 /* 3.jpg */,
				4934141518EA7656005CB997 /* 4.jpg */,
				4934141618EA7656005CB997 /* 5.jpg */,
				4934141718EA7656005CB997 /* 6.jpg */,
				4934141818EA7656005CB997 /* 7.jpg */,
				4934142118EA7925005CB997 /* 8.jpg */,
			);
			path = images;
			sourceTree = "<group>";
		};
		49FED28B18D79129004BE4E0 = {
			isa = PBXGroup;
			children = (
				49FED29D18D79129004BE4E0 /* InteractiveMuseum */,
				49FED2BF18D79129004BE4E0 /* InteractiveMuseumTests */,
				49FED29618D79129004BE4E0 /* Frameworks */,
				49FED29518D79129004BE4E0 /* Products */,
			);
			sourceTree = "<group>";
		};
		49FED29518D79129004BE4E0 /* Products */ = {
			isa = PBXGroup;
			children = (
				49FED29418D79129004BE4E0 /* InteractiveMuseum.app */,
				49FED2B818D79129004BE4E0 /* InteractiveMuseumTests.xctest */,
			);
			name = Products;
			sourceTree = "<group>";
		};
		49FED29618D79129004BE4E0 /* Frameworks */ = {
			isa = PBXGroup;
			children = (
				49FED29718D79129004BE4E0 /* Foundation.framework */,
				49FED29918D79129004BE4E0 /* CoreGraphics.framework */,
				49FED29B18D79129004BE4E0 /* UIKit.framework */,
				49FED2B918D79129004BE4E0 /* XCTest.framework */,
			);
			name = Frameworks;
			sourceTree = "<group>";
		};
		49FED29D18D79129004BE4E0 /* InteractiveMuseum */ = {
			isa = PBXGroup;
			children = (
				49FED2A618D79129004BE4E0 /* IMAppDelegate.h */,
				49FED2A718D79129004BE4E0 /* IMAppDelegate.m */,
				49360B6518DFA82A00F506B1 /* MUCameraViewViewController.h */,
				49360B6618DFA82A00F506B1 /* MUCameraViewViewController.m */,
				49360B6218DFA67A00F506B1 /* AVCamPreviewView.h */,
				49360B6318DFA67A00F506B1 /* AVCamPreviewView.m */,
				492AB6C718D7A0F8001B9559 /* DEMOHomeViewController.h */,
				492AB6C818D7A0F8001B9559 /* DEMOHomeViewController.m */,
				492AB6C918D7A0F8001B9559 /* DEMOMenuViewController.h */,
				492AB6CA18D7A0F8001B9559 /* DEMOMenuViewController.m */,
				492AB6CB18D7A0F8001B9559 /* DEMONavigationController.h */,
				492AB6CC18D7A0F8001B9559 /* DEMONavigationController.m */,
				492AB6CD18D7A0F8001B9559 /* DEMORootViewController.h */,
				492AB6CE18D7A0F8001B9559 /* DEMORootViewController.m */,
				492AB6CF18D7A0F8001B9559 /* DEMOSecondViewController.h */,
				492AB6D018D7A0F8001B9559 /* DEMOSecondViewController.m */,
				49FED2A918D79129004BE4E0 /* Main_iPhone.storyboard */,
				49FED2AC18D79129004BE4E0 /* Main_iPad.storyboard */,
				492AB6E418D7B8ED001B9559 /* Images.xcassets */,
				4934141018EA7656005CB997 /* images */,
				492AB6AC18D79FFF001B9559 /* REFrostedViewController */,
				492AB6BF18D7A0F8001B9559 /* REFrostedViewControllerStoryboards */,
				49FED29E18D79129004BE4E0 /* Supporting Files */,
				5D252C5018E20BF400195CB4 /* IMDetailViewController.h */,
				5D252C5118E20BF400195CB4 /* IMDetailViewController.m */,
			);
			path = InteractiveMuseum;
			sourceTree = "<group>";
		};
		49FED29E18D79129004BE4E0 /* Supporting Files */ = {
			isa = PBXGroup;
			children = (
				49FED29F18D79129004BE4E0 /* InteractiveMuseum-Info.plist */,
				49FED2A018D79129004BE4E0 /* InfoPlist.strings */,
				49FED2A318D79129004BE4E0 /* main.m */,
				49FED2A518D79129004BE4E0 /* InteractiveMuseum-Prefix.pch */,
			);
			name = "Supporting Files";
			sourceTree = "<group>";
		};
		49FED2BF18D79129004BE4E0 /* InteractiveMuseumTests */ = {
			isa = PBXGroup;
			children = (
				49FED2C518D79129004BE4E0 /* InteractiveMuseumTests.m */,
				49FED2C018D79129004BE4E0 /* Supporting Files */,
			);
			path = InteractiveMuseumTests;
			sourceTree = "<group>";
		};
		49FED2C018D79129004BE4E0 /* Supporting Files */ = {
			isa = PBXGroup;
			children = (
				49FED2C118D79129004BE4E0 /* InteractiveMuseumTests-Info.plist */,
				49FED2C218D79129004BE4E0 /* InfoPlist.strings */,
			);
			name = "Supporting Files";
			sourceTree = "<group>";
		};
/* End PBXGroup section */

/* Begin PBXNativeTarget section */
		49FED29318D79129004BE4E0 /* InteractiveMuseum */ = {
			isa = PBXNativeTarget;
			buildConfigurationList = 49FED2C918D79129004BE4E0 /* Build configuration list for PBXNativeTarget "InteractiveMuseum" */;
			buildPhases = (
				49FED29018D79129004BE4E0 /* Sources */,
				49FED29118D79129004BE4E0 /* Frameworks */,
				49FED29218D79129004BE4E0 /* Resources */,
			);
			buildRules = (
			);
			dependencies = (
			);
			name = InteractiveMuseum;
			productName = InteractiveMuseum;
			productReference = 49FED29418D79129004BE4E0 /* InteractiveMuseum.app */;
			productType = "com.apple.product-type.application";
		};
		49FED2B718D79129004BE4E0 /* InteractiveMuseumTests */ = {
			isa = PBXNativeTarget;
			buildConfigurationList = 49FED2CC18D79129004BE4E0 /* Build configuration list for PBXNativeTarget "InteractiveMuseumTests" */;
			buildPhases = (
				49FED2B418D79129004BE4E0 /* Sources */,
				49FED2B518D79129004BE4E0 /* Frameworks */,
				49FED2B618D79129004BE4E0 /* Resources */,
			);
			buildRules = (
			);
			dependencies = (
				49FED2BE18D79129004BE4E0 /* PBXTargetDependency */,
			);
			name = InteractiveMuseumTests;
			productName = InteractiveMuseumTests;
			productReference = 49FED2B818D79129004BE4E0 /* InteractiveMuseumTests.xctest */;
			productType = "com.apple.product-type.bundle.unit-test";
		};
/* End PBXNativeTarget section */

/* Begin PBXProject section */
		49FED28C18D79129004BE4E0 /* Project object */ = {
			isa = PBXProject;
			attributes = {
				CLASSPREFIX = IM;
				LastUpgradeCheck = 0510;
				ORGANIZATIONNAME = "Andrew Sowers";
				TargetAttributes = {
					49FED29318D79129004BE4E0 = {
						DevelopmentTeam = 2DP9335PZJ;
					};
					49FED2B718D79129004BE4E0 = {
						TestTargetID = 49FED29318D79129004BE4E0;
					};
				};
			};
			buildConfigurationList = 49FED28F18D79129004BE4E0 /* Build configuration list for PBXProject "InteractiveMuseum" */;
			compatibilityVersion = "Xcode 3.2";
			developmentRegion = English;
			hasScannedForEncodings = 0;
			knownRegions = (
				en,
				Base,
			);
			mainGroup = 49FED28B18D79129004BE4E0;
			productRefGroup = 49FED29518D79129004BE4E0 /* Products */;
			projectDirPath = "";
			projectRoot = "";
			targets = (
				49FED29318D79129004BE4E0 /* InteractiveMuseum */,
				49FED2B718D79129004BE4E0 /* InteractiveMuseumTests */,
			);
		};
/* End PBXProject section */

/* Begin PBXResourcesBuildPhase section */
		49FED29218D79129004BE4E0 /* Resources */ = {
			isa = PBXResourcesBuildPhase;
			buildActionMask = 2147483647;
			files = (
				4934141F18EA7656005CB997 /* 6.jpg in Resources */,
				492AB6E518D7B8ED001B9559 /* Images.xcassets in Resources */,
				4934141E18EA7656005CB997 /* 5.jpg in Resources */,
				4934142018EA7656005CB997 /* 7.jpg in Resources */,
				4934141918EA7656005CB997 /* 0.jpg in Resources */,
				4934142218EA7925005CB997 /* 8.jpg in Resources */,
				4934141B18EA7656005CB997 /* 2.jpg in Resources */,
				49FED2AE18D79129004BE4E0 /* Main_iPad.storyboard in Resources */,
				4934141A18EA7656005CB997 /* 1.jpg in Resources */,
				49FED2AB18D79129004BE4E0 /* Main_iPhone.storyboard in Resources */,
				4934141D18EA7656005CB997 /* 4.jpg in Resources */,
				49FED2A218D79129004BE4E0 /* InfoPlist.strings in Resources */,
				4934141C18EA7656005CB997 /* 3.jpg in Resources */,
			);
			runOnlyForDeploymentPostprocessing = 0;
		};
		49FED2B618D79129004BE4E0 /* Resources */ = {
			isa = PBXResourcesBuildPhase;
			buildActionMask = 2147483647;
			files = (
				49FED2C418D79129004BE4E0 /* InfoPlist.strings in Resources */,
			);
			runOnlyForDeploymentPostprocessing = 0;
		};
/* End PBXResourcesBuildPhase section */

/* Begin PBXSourcesBuildPhase section */
		49FED29018D79129004BE4E0 /* Sources */ = {
			isa = PBXSourcesBuildPhase;
			buildActionMask = 2147483647;
			files = (
				492AB6BE18D79FFF001B9559 /* UIViewController+REFrostedViewController.m in Sources */,
				492AB72818D7CC8B001B9559 /* CHTCollectionViewWaterfallLayout.m in Sources */,
				492AB6BD18D79FFF001B9559 /* UIView+REFrostedViewController.m in Sources */,
				49360B6418DFA67A00F506B1 /* AVCamPreviewView.m in Sources */,
				49360B6718DFA82A00F506B1 /* MUCameraViewViewController.m in Sources */,
				492AB6BA18D79FFF001B9559 /* REFrostedContainerViewController.m in Sources */,
				49FED2A818D79129004BE4E0 /* IMAppDelegate.m in Sources */,
				492AB6BC18D79FFF001B9559 /* UIImage+REFrostedViewController.m in Sources */,
				49FED2A418D79129004BE4E0 /* main.m in Sources */,
				492AB72418D7CBD9001B9559 /* CHTCollectionViewWaterfallHeader.m in Sources */,
				492AB72518D7CBD9001B9559 /* CHTCollectionViewWaterfallFooter.m in Sources */,
				5D252C5218E20BF400195CB4 /* IMDetailViewController.m in Sources */,
				492AB72318D7CBD9001B9559 /* CHTCollectionViewWaterfallCell.m in Sources */,
				492AB6DD18D7A0F8001B9559 /* DEMONavigationController.m in Sources */,
				492AB6DE18D7A0F8001B9559 /* DEMORootViewController.m in Sources */,
				492AB6B918D79FFF001B9559 /* RECommonFunctions.m in Sources */,
				492AB6DB18D7A0F8001B9559 /* DEMOHomeViewController.m in Sources */,
				492AB6DF18D7A0F8001B9559 /* DEMOSecondViewController.m in Sources */,
				492AB6DC18D7A0F8001B9559 /* DEMOMenuViewController.m in Sources */,
				492AB6BB18D79FFF001B9559 /* REFrostedViewController.m in Sources */,
			);
			runOnlyForDeploymentPostprocessing = 0;
		};
		49FED2B418D79129004BE4E0 /* Sources */ = {
			isa = PBXSourcesBuildPhase;
			buildActionMask = 2147483647;
			files = (
				49FED2C618D79129004BE4E0 /* InteractiveMuseumTests.m in Sources */,
			);
			runOnlyForDeploymentPostprocessing = 0;
		};
/* End PBXSourcesBuildPhase section */

/* Begin PBXTargetDependency section */
		49FED2BE18D79129004BE4E0 /* PBXTargetDependency */ = {
			isa = PBXTargetDependency;
			target = 49FED29318D79129004BE4E0 /* InteractiveMuseum */;
			targetProxy = 49FED2BD18D79129004BE4E0 /* PBXContainerItemProxy */;
		};
/* End PBXTargetDependency section */

/* Begin PBXVariantGroup section */
		49FED2A018D79129004BE4E0 /* InfoPlist.strings */ = {
			isa = PBXVariantGroup;
			children = (
				49FED2A118D79129004BE4E0 /* en */,
			);
			name = InfoPlist.strings;
			sourceTree = "<group>";
		};
		49FED2A918D79129004BE4E0 /* Main_iPhone.storyboard */ = {
			isa = PBXVariantGroup;
			children = (
				49FED2AA18D79129004BE4E0 /* Base */,
			);
			name = Main_iPhone.storyboard;
			sourceTree = "<group>";
		};
		49FED2AC18D79129004BE4E0 /* Main_iPad.storyboard */ = {
			isa = PBXVariantGroup;
			children = (
				49FED2AD18D79129004BE4E0 /* Base */,
			);
			name = Main_iPad.storyboard;
			sourceTree = "<group>";
		};
		49FED2C218D79129004BE4E0 /* InfoPlist.strings */ = {
			isa = PBXVariantGroup;
			children = (
				49FED2C318D79129004BE4E0 /* en */,
			);
			name = InfoPlist.strings;
			sourceTree = "<group>";
		};
/* End PBXVariantGroup section */

/* Begin XCBuildConfiguration section */
		49FED2C718D79129004BE4E0 /* Debug */ = {
			isa = XCBuildConfiguration;
			buildSettings = {
				ALWAYS_SEARCH_USER_PATHS = NO;
				CLANG_CXX_LANGUAGE_STANDARD = "gnu++0x";
				CLANG_CXX_LIBRARY = "libc++";
				CLANG_ENABLE_MODULES = YES;
				CLANG_ENABLE_OBJC_ARC = YES;
				CLANG_WARN_BOOL_CONVERSION = YES;
				CLANG_WARN_CONSTANT_CONVERSION = YES;
				CLANG_WARN_DIRECT_OBJC_ISA_USAGE = YES_ERROR;
				CLANG_WARN_EMPTY_BODY = YES;
				CLANG_WARN_ENUM_CONVERSION = YES;
				CLANG_WARN_INT_CONVERSION = YES;
				CLANG_WARN_OBJC_ROOT_CLASS = YES_ERROR;
				CLANG_WARN__DUPLICATE_METHOD_MATCH = YES;
				"CODE_SIGN_IDENTITY[sdk=iphoneos*]" = "iPhone Developer";
				COPY_PHASE_STRIP = NO;
				GCC_C_LANGUAGE_STANDARD = gnu99;
				GCC_DYNAMIC_NO_PIC = NO;
				GCC_OPTIMIZATION_LEVEL = 0;
				GCC_PREPROCESSOR_DEFINITIONS = (
					"DEBUG=1",
					"$(inherited)",
				);
				GCC_SYMBOLS_PRIVATE_EXTERN = NO;
				GCC_WARN_64_TO_32_BIT_CONVERSION = YES;
				GCC_WARN_ABOUT_RETURN_TYPE = YES_ERROR;
				GCC_WARN_UNDECLARED_SELECTOR = YES;
				GCC_WARN_UNINITIALIZED_AUTOS = YES_AGGRESSIVE;
				GCC_WARN_UNUSED_FUNCTION = YES;
				GCC_WARN_UNUSED_VARIABLE = YES;
				IPHONEOS_DEPLOYMENT_TARGET = 7.1;
				ONLY_ACTIVE_ARCH = YES;
				SDKROOT = iphoneos;
				TARGETED_DEVICE_FAMILY = "1,2";
			};
			name = Debug;
		};
		49FED2C818D79129004BE4E0 /* Release */ = {
			isa = XCBuildConfiguration;
			buildSettings = {
				ALWAYS_SEARCH_USER_PATHS = NO;
				CLANG_CXX_LANGUAGE_STANDARD = "gnu++0x";
				CLANG_CXX_LIBRARY = "libc++";
				CLANG_ENABLE_MODULES = YES;
				CLANG_ENABLE_OBJC_ARC = YES;
				CLANG_WARN_BOOL_CONVERSION = YES;
				CLANG_WARN_CONSTANT_CONVERSION = YES;
				CLANG_WARN_DIRECT_OBJC_ISA_USAGE = YES_ERROR;
				CLANG_WARN_EMPTY_BODY = YES;
				CLANG_WARN_ENUM_CONVERSION = YES;
				CLANG_WARN_INT_CONVERSION = YES;
				CLANG_WARN_OBJC_ROOT_CLASS = YES_ERROR;
				CLANG_WARN__DUPLICATE_METHOD_MATCH = YES;
				"CODE_SIGN_IDENTITY[sdk=iphoneos*]" = "iPhone Developer";
				COPY_PHASE_STRIP = YES;
				ENABLE_NS_ASSERTIONS = NO;
				GCC_C_LANGUAGE_STANDARD = gnu99;
				GCC_WARN_64_TO_32_BIT_CONVERSION = YES;
				GCC_WARN_ABOUT_RETURN_TYPE = YES_ERROR;
				GCC_WARN_UNDECLARED_SELECTOR = YES;
				GCC_WARN_UNINITIALIZED_AUTOS = YES_AGGRESSIVE;
				GCC_WARN_UNUSED_FUNCTION = YES;
				GCC_WARN_UNUSED_VARIABLE = YES;
				IPHONEOS_DEPLOYMENT_TARGET = 7.1;
				SDKROOT = iphoneos;
				TARGETED_DEVICE_FAMILY = "1,2";
				VALIDATE_PRODUCT = YES;
			};
			name = Release;
		};
		49FED2CA18D79129004BE4E0 /* Debug */ = {
			isa = XCBuildConfiguration;
			buildSettings = {
				ASSETCATALOG_COMPILER_APPICON_NAME = AppIcon;
				ASSETCATALOG_COMPILER_LAUNCHIMAGE_NAME = LaunchImage;
				CODE_SIGN_IDENTITY = "iPhone Developer";
				"CODE_SIGN_IDENTITY[sdk=iphoneos*]" = "iPhone Developer";
				GCC_PRECOMPILE_PREFIX_HEADER = YES;
				GCC_PREFIX_HEADER = "InteractiveMuseum/InteractiveMuseum-Prefix.pch";
				INFOPLIST_FILE = "InteractiveMuseum/InteractiveMuseum-Info.plist";
				IPHONEOS_DEPLOYMENT_TARGET = 7.0;
				PRODUCT_NAME = "$(TARGET_NAME)";
				PROVISIONING_PROFILE = "";
				WRAPPER_EXTENSION = app;
			};
			name = Debug;
		};
		49FED2CB18D79129004BE4E0 /* Release */ = {
			isa = XCBuildConfiguration;
			buildSettings = {
				ASSETCATALOG_COMPILER_APPICON_NAME = AppIcon;
				ASSETCATALOG_COMPILER_LAUNCHIMAGE_NAME = LaunchImage;
				CODE_SIGN_IDENTITY = "iPhone Developer";
				"CODE_SIGN_IDENTITY[sdk=iphoneos*]" = "iPhone Developer";
				GCC_PRECOMPILE_PREFIX_HEADER = YES;
				GCC_PREFIX_HEADER = "InteractiveMuseum/InteractiveMuseum-Prefix.pch";
				INFOPLIST_FILE = "InteractiveMuseum/InteractiveMuseum-Info.plist";
				IPHONEOS_DEPLOYMENT_TARGET = 7.0;
				PRODUCT_NAME = "$(TARGET_NAME)";
				PROVISIONING_PROFILE = "";
				WRAPPER_EXTENSION = app;
			};
			name = Release;
		};
		49FED2CD18D79129004BE4E0 /* Debug */ = {
			isa = XCBuildConfiguration;
			buildSettings = {
				BUNDLE_LOADER = "$(BUILT_PRODUCTS_DIR)/InteractiveMuseum.app/InteractiveMuseum";
				FRAMEWORK_SEARCH_PATHS = (
					"$(SDKROOT)/Developer/Library/Frameworks",
					"$(inherited)",
					"$(DEVELOPER_FRAMEWORKS_DIR)",
				);
				GCC_PRECOMPILE_PREFIX_HEADER = YES;
				GCC_PREFIX_HEADER = "InteractiveMuseum/InteractiveMuseum-Prefix.pch";
				GCC_PREPROCESSOR_DEFINITIONS = (
					"DEBUG=1",
					"$(inherited)",
				);
				INFOPLIST_FILE = "InteractiveMuseumTests/InteractiveMuseumTests-Info.plist";
				PRODUCT_NAME = "$(TARGET_NAME)";
				TEST_HOST = "$(BUNDLE_LOADER)";
				WRAPPER_EXTENSION = xctest;
			};
			name = Debug;
		};
		49FED2CE18D79129004BE4E0 /* Release */ = {
			isa = XCBuildConfiguration;
			buildSettings = {
				BUNDLE_LOADER = "$(BUILT_PRODUCTS_DIR)/InteractiveMuseum.app/InteractiveMuseum";
				FRAMEWORK_SEARCH_PATHS = (
					"$(SDKROOT)/Developer/Library/Frameworks",
					"$(inherited)",
					"$(DEVELOPER_FRAMEWORKS_DIR)",
				);
				GCC_PRECOMPILE_PREFIX_HEADER = YES;
				GCC_PREFIX_HEADER = "InteractiveMuseum/InteractiveMuseum-Prefix.pch";
				INFOPLIST_FILE = "InteractiveMuseumTests/InteractiveMuseumTests-Info.plist";
				PRODUCT_NAME = "$(TARGET_NAME)";
				TEST_HOST = "$(BUNDLE_LOADER)";
				WRAPPER_EXTENSION = xctest;
			};
			name = Release;
		};
/* End XCBuildConfiguration section */

/* Begin XCConfigurationList section */
		49FED28F18D79129004BE4E0 /* Build configuration list for PBXProject "InteractiveMuseum" */ = {
			isa = XCConfigurationList;
			buildConfigurations = (
				49FED2C718D79129004BE4E0 /* Debug */,
				49FED2C818D79129004BE4E0 /* Release */,
			);
			defaultConfigurationIsVisible = 0;
			defaultConfigurationName = Release;
		};
		49FED2C918D79129004BE4E0 /* Build configuration list for PBXNativeTarget "InteractiveMuseum" */ = {
			isa = XCConfigurationList;
			buildConfigurations = (
				49FED2CA18D79129004BE4E0 /* Debug */,
				49FED2CB18D79129004BE4E0 /* Release */,
			);
			defaultConfigurationIsVisible = 0;
			defaultConfigurationName = Release;
		};
		49FED2CC18D79129004BE4E0 /* Build configuration list for PBXNativeTarget "InteractiveMuseumTests" */ = {
			isa = XCConfigurationList;
			buildConfigurations = (
				49FED2CD18D79129004BE4E0 /* Debug */,
				49FED2CE18D79129004BE4E0 /* Release */,
			);
			defaultConfigurationIsVisible = 0;
			defaultConfigurationName = Release;
		};
/* End XCConfigurationList section */
	};
	rootObject = 49FED28C18D79129004BE4E0 /* Project object */;
}
